// !$*UTF8*$!
{
	archiveVersion = 1;
	classes = {
	};
	objectVersion = 56;
	objects = {

/* Begin PBXBuildFile section */
		CB880A462ACB4CC1005351A3 /* Storyboard.storyboard in Resources */ = {isa = PBXBuildFile; fileRef = CB880A452ACB4CC1005351A3 /* Storyboard.storyboard */; };
		CBC369DC2ABE12F000E655C4 /* orientationAndViewsTestApp.swift in Sources */ = {isa = PBXBuildFile; fileRef = CBC369DB2ABE12F000E655C4 /* orientationAndViewsTestApp.swift */; };
		CBC369DE2ABE12F000E655C4 /* ContentView.swift in Sources */ = {isa = PBXBuildFile; fileRef = CBC369DD2ABE12F000E655C4 /* ContentView.swift */; };
		CBC369E02ABE12F200E655C4 /* Assets.xcassets in Resources */ = {isa = PBXBuildFile; fileRef = CBC369DF2ABE12F200E655C4 /* Assets.xcassets */; };
		CBC369E32ABE12F200E655C4 /* Preview Assets.xcassets in Resources */ = {isa = PBXBuildFile; fileRef = CBC369E22ABE12F200E655C4 /* Preview Assets.xcassets */; };
		CBC369EA2ABE134200E655C4 /* ViewOne.swift in Sources */ = {isa = PBXBuildFile; fileRef = CBC369E92ABE134200E655C4 /* ViewOne.swift */; };
		CBC369EC2ABE137A00E655C4 /* DataStore.swift in Sources */ = {isa = PBXBuildFile; fileRef = CBC369EB2ABE137900E655C4 /* DataStore.swift */; };
		CBC369EE2ABE138C00E655C4 /* ViewTwo.swift in Sources */ = {isa = PBXBuildFile; fileRef = CBC369ED2ABE138C00E655C4 /* ViewTwo.swift */; };
/* End PBXBuildFile section */

/* Begin PBXFileReference section */
		CB880A452ACB4CC1005351A3 /* Storyboard.storyboard */ = {isa = PBXFileReference; lastKnownFileType = file.storyboard; path = Storyboard.storyboard; sourceTree = "<group>"; };
		CBC369D82ABE12F000E655C4 /* orientationAndViewsTest.app */ = {isa = PBXFileReference; explicitFileType = wrapper.application; includeInIndex = 0; path = orientationAndViewsTest.app; sourceTree = BUILT_PRODUCTS_DIR; };
		CBC369DB2ABE12F000E655C4 /* orientationAndViewsTestApp.swift */ = {isa = PBXFileReference; lastKnownFileType = sourcecode.swift; path = orientationAndViewsTestApp.swift; sourceTree = "<group>"; };
		CBC369DD2ABE12F000E655C4 /* ContentView.swift */ = {isa = PBXFileReference; lastKnownFileType = sourcecode.swift; path = ContentView.swift; sourceTree = "<group>"; };
		CBC369DF2ABE12F200E655C4 /* Assets.xcassets */ = {isa = PBXFileReference; lastKnownFileType = folder.assetcatalog; path = Assets.xcassets; sourceTree = "<group>"; };
		CBC369E22ABE12F200E655C4 /* Preview Assets.xcassets */ = {isa = PBXFileReference; lastKnownFileType = folder.assetcatalog; path = "Preview Assets.xcassets"; sourceTree = "<group>"; };
		CBC369E92ABE134200E655C4 /* ViewOne.swift */ = {isa = PBXFileReference; lastKnownFileType = sourcecode.swift; path = ViewOne.swift; sourceTree = "<group>"; };
		CBC369EB2ABE137900E655C4 /* DataStore.swift */ = {isa = PBXFileReference; lastKnownFileType = sourcecode.swift; path = DataStore.swift; sourceTree = "<group>"; };
		CBC369ED2ABE138C00E655C4 /* ViewTwo.swift */ = {isa = PBXFileReference; lastKnownFileType = sourcecode.swift; path = ViewTwo.swift; sourceTree = "<group>"; };
/* End PBXFileReference section */

/* Begin PBXFrameworksBuildPhase section */
		CBC369D52ABE12F000E655C4 /* Frameworks */ = {
			isa = PBXFrameworksBuildPhase;
			buildActionMask = 2147483647;
			files = (
			);
			runOnlyForDeploymentPostprocessing = 0;
		};
/* End PBXFrameworksBuildPhase section */

/* Begin PBXGroup section */
		CBC369CF2ABE12F000E655C4 = {
			isa = PBXGroup;
			children = (
				CBC369DA2ABE12F000E655C4 /* orientationAndViewsTest */,
				CBC369D92ABE12F000E655C4 /* Products */,
			);
			sourceTree = "<group>";
		};
		CBC369D92ABE12F000E655C4 /* Products */ = {
			isa = PBXGroup;
			children = (
				CBC369D82ABE12F000E655C4 /* orientationAndViewsTest.app */,
			);
			name = Products;
			sourceTree = "<group>";
		};
		CBC369DA2ABE12F000E655C4 /* orientationAndViewsTest */ = {
			isa = PBXGroup;
			children = (
				CBC369DB2ABE12F000E655C4 /* orientationAndViewsTestApp.swift */,
				CBC369DD2ABE12F000E655C4 /* ContentView.swift */,
				CBC369E92ABE134200E655C4 /* ViewOne.swift */,
				CBC369ED2ABE138C00E655C4 /* ViewTwo.swift */,
				CBC369EB2ABE137900E655C4 /* DataStore.swift */,
				CBC369DF2ABE12F200E655C4 /* Assets.xcassets */,
				CBC369E12ABE12F200E655C4 /* Preview Content */,
				CB880A452ACB4CC1005351A3 /* Storyboard.storyboard */,
			);
			path = orientationAndViewsTest;
			sourceTree = "<group>";
		};
		CBC369E12ABE12F200E655C4 /* Preview Content */ = {
			isa = PBXGroup;
			children = (
				CBC369E22ABE12F200E655C4 /* Preview Assets.xcassets */,
			);
			path = "Preview Content";
			sourceTree = "<group>";
		};
/* End PBXGroup section */

/* Begin PBXNativeTarget section */
		CBC369D72ABE12F000E655C4 /* orientationAndViewsTest */ = {
			isa = PBXNativeTarget;
			buildConfigurationList = CBC369E62ABE12F200E655C4 /* Build configuration list for PBXNativeTarget "orientationAndViewsTest" */;
			buildPhases = (
				CBC369D42ABE12F000E655C4 /* Sources */,
				CBC369D52ABE12F000E655C4 /* Frameworks */,
				CBC369D62ABE12F000E655C4 /* Resources */,
			);
			buildRules = (
			);
			dependencies = (
			);
			name = orientationAndViewsTest;
			productName = orientationAndViewsTest;
			productReference = CBC369D82ABE12F000E655C4 /* orientationAndViewsTest.app */;
			productType = "com.apple.product-type.application";
		};
/* End PBXNativeTarget section */

/* Begin PBXProject section */
		CBC369D02ABE12F000E655C4 /* Project object */ = {
			isa = PBXProject;
			attributes = {
				BuildIndependentTargetsInParallel = 1;
				LastSwiftUpdateCheck = 1420;
				LastUpgradeCheck = 1420;
				TargetAttributes = {
					CBC369D72ABE12F000E655C4 = {
						CreatedOnToolsVersion = 14.2;
					};
				};
			};
			buildConfigurationList = CBC369D32ABE12F000E655C4 /* Build configuration list for PBXProject "orientationAndViewsTest" */;
			compatibilityVersion = "Xcode 14.0";
			developmentRegion = en;
			hasScannedForEncodings = 0;
			knownRegions = (
				en,
				Base,
			);
			mainGroup = CBC369CF2ABE12F000E655C4;
			productRefGroup = CBC369D92ABE12F000E655C4 /* Products */;
			projectDirPath = "";
			projectRoot = "";
			targets = (
				CBC369D72ABE12F000E655C4 /* orientationAndViewsTest */,
			);
		};
/* End PBXProject section */

/* Begin PBXResourcesBuildPhase section */
		CBC369D62ABE12F000E655C4 /* Resources */ = {
			isa = PBXResourcesBuildPhase;
			buildActionMask = 2147483647;
			files = (
				CBC369E32ABE12F200E655C4 /* Preview Assets.xcassets in Resources */,
				CBC369E02ABE12F200E655C4 /* Assets.xcassets in Resources */,
				CB880A462ACB4CC1005351A3 /* Storyboard.storyboard in Resources */,
			);
			runOnlyForDeploymentPostprocessing = 0;
		};
/* End PBXResourcesBuildPhase section */

/* Begin PBXSourcesBuildPhase section */
		CBC369D42ABE12F000E655C4 /* Sources */ = {
			isa = PBXSourcesBuildPhase;
			buildActionMask = 2147483647;
			files = (
				CBC369EA2ABE134200E655C4 /* ViewOne.swift in Sources */,
				CBC369EE2ABE138C00E655C4 /* ViewTwo.swift in Sources */,
				CBC369EC2ABE137A00E655C4 /* DataStore.swift in Sources */,
				CBC369DE2ABE12F000E655C4 /* ContentView.swift in Sources */,
				CBC369DC2ABE12F000E655C4 /* orientationAndViewsTestApp.swift in Sources */,
			);
			runOnlyForDeploymentPostprocessing = 0;
		};
/* End PBXSourcesBuildPhase section */

/* Begin XCBuildConfiguration section */
		CBC369E42ABE12F200E655C4 /* Debug */ = {
			isa = XCBuildConfiguration;
			buildSettings = {
				ALWAYS_SEARCH_USER_PATHS = NO;
				CLANG_ANALYZER_NONNULL = YES;
				CLANG_ANALYZER_NUMBER_OBJECT_CONVERSION = YES_AGGRESSIVE;
				CLANG_CXX_LANGUAGE_STANDARD = "gnu++20";
				CLANG_ENABLE_MODULES = YES;
				CLANG_ENABLE_OBJC_ARC = YES;
				CLANG_ENABLE_OBJC_WEAK = YES;
				CLANG_WARN_BLOCK_CAPTURE_AUTORELEASING = YES;
				CLANG_WARN_BOOL_CONVERSION = YES;
				CLANG_WARN_COMMA = YES;
				CLANG_WARN_CONSTANT_CONVERSION = YES;
				CLANG_WARN_DEPRECATED_OBJC_IMPLEMENTATIONS = YES;
				CLANG_WARN_DIRECT_OBJC_ISA_USAGE = YES_ERROR;
				CLANG_WARN_DOCUMENTATION_COMMENTS = YES;
				CLANG_WARN_EMPTY_BODY = YES;
				CLANG_WARN_ENUM_CONVERSION = YES;
				CLANG_WARN_INFINITE_RECURSION = YES;
				CLANG_WARN_INT_CONVERSION = YES;
				CLANG_WARN_NON_LITERAL_NULL_CONVERSION = YES;
				CLANG_WARN_OBJC_IMPLICIT_RETAIN_SELF = YES;
				CLANG_WARN_OBJC_LITERAL_CONVERSION = YES;
				CLANG_WARN_OBJC_ROOT_CLASS = YES_ERROR;
				CLANG_WARN_QUOTED_INCLUDE_IN_FRAMEWORK_HEADER = YES;
				CLANG_WARN_RANGE_LOOP_ANALYSIS = YES;
				CLANG_WARN_STRICT_PROTOTYPES = YES;
				CLANG_WARN_SUSPICIOUS_MOVE = YES;
				CLANG_WARN_UNGUARDED_AVAILABILITY = YES_AGGRESSIVE;
				CLANG_WARN_UNREACHABLE_CODE = YES;
				CLANG_WARN__DUPLICATE_METHOD_MATCH = YES;
				COPY_PHASE_STRIP = NO;
				DEBUG_INFORMATION_FORMAT = dwarf;
				ENABLE_STRICT_OBJC_MSGSEND = YES;
				ENABLE_TESTABILITY = YES;
				GCC_C_LANGUAGE_STANDARD = gnu11;
				GCC_DYNAMIC_NO_PIC = NO;
				GCC_NO_COMMON_BLOCKS = YES;
				GCC_OPTIMIZATION_LEVEL = 0;
				GCC_PREPROCESSOR_DEFINITIONS = (
					"DEBUG=1",
					"$(inherited)",
				);
				GCC_WARN_64_TO_32_BIT_CONVERSION = YES;
				GCC_WARN_ABOUT_RETURN_TYPE = YES_ERROR;
				GCC_WARN_UNDECLARED_SELECTOR = YES;
				GCC_WARN_UNINITIALIZED_AUTOS = YES_AGGRESSIVE;
				GCC_WARN_UNUSED_FUNCTION = YES;
				GCC_WARN_UNUSED_VARIABLE = YES;
				IPHONEOS_DEPLOYMENT_TARGET = 16.2;
				MTL_ENABLE_DEBUG_INFO = INCLUDE_SOURCE;
				MTL_FAST_MATH = YES;
				ONLY_ACTIVE_ARCH = YES;
				SDKROOT = iphoneos;
				SWIFT_ACTIVE_COMPILATION_CONDITIONS = DEBUG;
				SWIFT_OPTIMIZATION_LEVEL = "-Onone";
			};
			name = Debug;
		};
		CBC369E52ABE12F200E655C4 /* Release */ = {
			isa = XCBuildConfiguration;
			buildSettings = {
				ALWAYS_SEARCH_USER_PATHS = NO;
				CLANG_ANALYZER_NONNULL = YES;
				CLANG_ANALYZER_NUMBER_OBJECT_CONVERSION = YES_AGGRESSIVE;
				CLANG_CXX_LANGUAGE_STANDARD = "gnu++20";
				CLANG_ENABLE_MODULES = YES;
				CLANG_ENABLE_OBJC_ARC = YES;
				CLANG_ENABLE_OBJC_WEAK = YES;
				CLANG_WARN_BLOCK_CAPTURE_AUTORELEASING = YES;
				CLANG_WARN_BOOL_CONVERSION = YES;
				CLANG_WARN_COMMA = YES;
				CLANG_WARN_CONSTANT_CONVERSION = YES;
				CLANG_WARN_DEPRECATED_OBJC_IMPLEMENTATIONS = YES;
				CLANG_WARN_DIRECT_OBJC_ISA_USAGE = YES_ERROR;
				CLANG_WARN_DOCUMENTATION_COMMENTS = YES;
				CLANG_WARN_EMPTY_BODY = YES;
				CLANG_WARN_ENUM_CONVERSION = YES;
				CLANG_WARN_INFINITE_RECURSION = YES;
				CLANG_WARN_INT_CONVERSION = YES;
				CLANG_WARN_NON_LITERAL_NULL_CONVERSION = YES;
				CLANG_WARN_OBJC_IMPLICIT_RETAIN_SELF = YES;
				CLANG_WARN_OBJC_LITERAL_CONVERSION = YES;
				CLANG_WARN_OBJC_ROOT_CLASS = YES_ERROR;
				CLANG_WARN_QUOTED_INCLUDE_IN_FRAMEWORK_HEADER = YES;
				CLANG_WARN_RANGE_LOOP_ANALYSIS = YES;
				CLANG_WARN_STRICT_PROTOTYPES = YES;
				CLANG_WARN_SUSPICIOUS_MOVE = YES;
				CLANG_WARN_UNGUARDED_AVAILABILITY = YES_AGGRESSIVE;
				CLANG_WARN_UNREACHABLE_CODE = YES;
				CLANG_WARN__DUPLICATE_METHOD_MATCH = YES;
				COPY_PHASE_STRIP = NO;
				DEBUG_INFORMATION_FORMAT = "dwarf-with-dsym";
				ENABLE_NS_ASSERTIONS = NO;
				ENABLE_STRICT_OBJC_MSGSEND = YES;
				GCC_C_LANGUAGE_STANDARD = gnu11;
				GCC_NO_COMMON_BLOCKS = YES;
				GCC_WARN_64_TO_32_BIT_CONVERSION = YES;
				GCC_WARN_ABOUT_RETURN_TYPE = YES_ERROR;
				GCC_WARN_UNDECLARED_SELECTOR = YES;
				GCC_WARN_UNINITIALIZED_AUTOS = YES_AGGRESSIVE;
				GCC_WARN_UNUSED_FUNCTION = YES;
				GCC_WARN_UNUSED_VARIABLE = YES;
				IPHONEOS_DEPLOYMENT_TARGET = 16.2;
				MTL_ENABLE_DEBUG_INFO = NO;
				MTL_FAST_MATH = YES;
				SDKROOT = iphoneos;
				SWIFT_COMPILATION_MODE = wholemodule;
				SWIFT_OPTIMIZATION_LEVEL = "-O";
				VALIDATE_PRODUCT = YES;
			};
			name = Release;
		};
		CBC369E72ABE12F200E655C4 /* Debug */ = {
			isa = XCBuildConfiguration;
			buildSettings = {
				ASSETCATALOG_COMPILER_APPICON_NAME = AppIcon;
				ASSETCATALOG_COMPILER_GLOBAL_ACCENT_COLOR_NAME = AccentColor;
				CODE_SIGN_STYLE = Automatic;
				CURRENT_PROJECT_VERSION = 1;
				DEVELOPMENT_ASSET_PATHS = "\"orientationAndViewsTest/Preview Content\"";
				ENABLE_PREVIEWS = YES;
				GENERATE_INFOPLIST_FILE = YES;
				INFOPLIST_KEY_UIApplicationSceneManifest_Generation = YES;
				INFOPLIST_KEY_UIApplicationSupportsIndirectInputEvents = YES;
				INFOPLIST_KEY_UILaunchScreen_Generation = YES;
				INFOPLIST_KEY_UISupportedInterfaceOrientations_iPad = "UIInterfaceOrientationPortrait UIInterfaceOrientationPortraitUpsideDown UIInterfaceOrientationLandscapeLeft UIInterfaceOrientationLandscapeRight";
				INFOPLIST_KEY_UISupportedInterfaceOrientations_iPhone = "UIInterfaceOrientationPortrait UIInterfaceOrientationLandscapeLeft UIInterfaceOrientationLandscapeRight";
				LD_RUNPATH_SEARCH_PATHS = (
					"$(inherited)",
					"@executable_path/Frameworks",
				);
				MARKETING_VERSION = 1.0;
				PRODUCT_BUNDLE_IDENTIFIER = "co.Exam1-Alvi-Rafey.orientationAndViewsTest";
				PRODUCT_NAME = "$(TARGET_NAME)";
				SWIFT_EMIT_LOC_STRINGS = YES;
				SWIFT_VERSION = 5.0;
				TARGETED_DEVICE_FAMILY = "1,2";
			};
			name = Debug;
		};
		CBC369E82ABE12F200E655C4 /* Release */ = {
			isa = XCBuildConfiguration;
			buildSettings = {
				ASSETCATALOG_COMPILER_APPICON_NAME = AppIcon;
				ASSETCATALOG_COMPILER_GLOBAL_ACCENT_COLOR_NAME = AccentColor;
				CODE_SIGN_STYLE = Automatic;
				CURRENT_PROJECT_VERSION = 1;
				DEVELOPMENT_ASSET_PATHS = "\"orientationAndViewsTest/Preview Content\"";
				ENABLE_PREVIEWS = YES;
				GENERATE_INFOPLIST_FILE = YES;
				INFOPLIST_KEY_UIApplicationSceneManifest_Generation = YES;
				INFOPLIST_KEY_UIApplicationSupportsIndirectInputEvents = YES;
				INFOPLIST_KEY_UILaunchScreen_Generation = YES;
				INFOPLIST_KEY_UISupportedInterfaceOrientations_iPad = "UIInterfaceOrientationPortrait UIInterfaceOrientationPortraitUpsideDown UIInterfaceOrientationLandscapeLeft UIInterfaceOrientationLandscapeRight";
				INFOPLIST_KEY_UISupportedInterfaceOrientations_iPhone = "UIInterfaceOrientationPortrait UIInterfaceOrientationLandscapeLeft UIInterfaceOrientationLandscapeRight";
				LD_RUNPATH_SEARCH_PATHS = (
					"$(inherited)",
					"@executable_path/Frameworks",
				);
				MARKETING_VERSION = 1.0;
				PRODUCT_BUNDLE_IDENTIFIER = "co.Exam1-Alvi-Rafey.orientationAndViewsTest";
				PRODUCT_NAME = "$(TARGET_NAME)";
				SWIFT_EMIT_LOC_STRINGS = YES;
				SWIFT_VERSION = 5.0;
				TARGETED_DEVICE_FAMILY = "1,2";
			};
			name = Release;
		};
/* End XCBuildConfiguration section */

/* Begin XCConfigurationList section */
		CBC369D32ABE12F000E655C4 /* Build configuration list for PBXProject "orientationAndViewsTest" */ = {
			isa = XCConfigurationList;
			buildConfigurations = (
				CBC369E42ABE12F200E655C4 /* Debug */,
				CBC369E52ABE12F200E655C4 /* Release */,
			);
			defaultConfigurationIsVisible = 0;
			defaultConfigurationName = Release;
		};
		CBC369E62ABE12F200E655C4 /* Build configuration list for PBXNativeTarget "orientationAndViewsTest" */ = {
			isa = XCConfigurationList;
			buildConfigurations = (
				CBC369E72ABE12F200E655C4 /* Debug */,
				CBC369E82ABE12F200E655C4 /* Release */,
			);
			defaultConfigurationIsVisible = 0;
			defaultConfigurationName = Release;
		};
/* End XCConfigurationList section */
	};
	rootObject = CBC369D02ABE12F000E655C4 /* Project object */;
}
